Microsoft Visual Studio Solution File, Format Version 12.00
# Visual Studio Version 17
VisualStudioVersion = 17.0.32126.317
MinimumVisualStudioVersion = 10.0.40219.1
Project("{9A19103F-16F7-4668-BE54-9A1E7A4F7556}") = "TestAPI", "TestAPI\TestAPI.csproj", "{A574DCC2-E658-400A-B94F-17E5B7EBE887}"
EndProject
Global
	GlobalSection(SolutionConfigurationPlatforms) = preSolution
		Debug|Any CPU = Debug|Any CPU
		Release|Any CPU = Release|Any CPU
	EndGlobalSection
	GlobalSection(ProjectConfigurationPlatforms) = postSolution
		{A574DCC2-E658-400A-B94F-17E5B7EBE887}.Debug|Any CPU.ActiveCfg = Debug|Any CPU
		{A574DCC2-E658-400A-B94F-17E5B7EBE887}.Debug|Any CPU.Build.0 = Debug|Any CPU
		{A574DCC2-E658-400A-B94F-17E5B7EBE887}.Release|Any CPU.ActiveCfg = Release|Any CPU
		{A574DCC2-E658-400A-B94F-17E5B7EBE887}.Release|Any CPU.Build.0 = Release|Any CPU
	EndGlobalSection
	GlobalSection(SolutionProperties) = preSolution
		HideSolutionNode = FALSE
	EndGlobalSection
	GlobalSection(ExtensibilityGlobals) = postSolution
		SolutionGuid = {275D3C3B-3277-4084-A3F1-F67FA1809CD8}
	EndGlobalSection
EndGlobal
